
Microsoft Visual Studio Solution File, Format Version 12.00
# Visual Studio Version 17
VisualStudioVersion = 17.11.35327.3
MinimumVisualStudioVersion = 10.0.40219.1
Project("{9A19103F-16F7-4668-BE54-9A1E7A4F7556}") = "ConferenceManager", "ConferenceManager\ConferenceManager.csproj", "{015BD9FE-5160-467A-BCF4-485780A81D88}"
EndProject
Project("{FAE04EC0-301F-11D3-BF4B-00C04F79EFBC}") = "ConferenceManagerTests", "ConferenceManagerTests\ConferenceManagerTests.csproj", "{785FAB74-F1C1-4DC4-91BD-AA7FDB6C0DAF}"
EndProject
Global
	GlobalSection(SolutionConfigurationPlatforms) = preSolution
		Debug|Any CPU = Debug|Any CPU
		Release|Any CPU = Release|Any CPU
	EndGlobalSection
	GlobalSection(ProjectConfigurationPlatforms) = postSolution
		{015BD9FE-5160-467A-BCF4-485780A81D88}.Debug|Any CPU.ActiveCfg = Debug|Any CPU
		{015BD9FE-5160-467A-BCF4-485780A81D88}.Debug|Any CPU.Build.0 = Debug|Any CPU
		{015BD9FE-5160-467A-BCF4-485780A81D88}.Release|Any CPU.ActiveCfg = Release|Any CPU
		{015BD9FE-5160-467A-BCF4-485780A81D88}.Release|Any CPU.Build.0 = Release|Any CPU
		{785FAB74-F1C1-4DC4-91BD-AA7FDB6C0DAF}.Debug|Any CPU.ActiveCfg = Debug|Any CPU
		{785FAB74-F1C1-4DC4-91BD-AA7FDB6C0DAF}.Debug|Any CPU.Build.0 = Debug|Any CPU
		{785FAB74-F1C1-4DC4-91BD-AA7FDB6C0DAF}.Release|Any CPU.ActiveCfg = Release|Any CPU
		{785FAB74-F1C1-4DC4-91BD-AA7FDB6C0DAF}.Release|Any CPU.Build.0 = Release|Any CPU
	EndGlobalSection
	GlobalSection(SolutionProperties) = preSolution
		HideSolutionNode = FALSE
	EndGlobalSection
	GlobalSection(ExtensibilityGlobals) = postSolution
		SolutionGuid = {64580632-AEA9-437D-9EFA-82387E047A6F}
	EndGlobalSection
EndGlobal
